PODS:
  - Capacitor (7.4.2):
    - CapacitorCordova
  - CapacitorApp (7.0.1):
    - Capacitor
  - CapacitorBrowser (7.0.1):
    - Capacitor
  - CapacitorClipboard (7.0.1):
    - Capacitor
  - CapacitorCordova (7.4.2)
  - CapacitorDevice (7.0.1):
    - Capacitor
  - CapacitorFilesystem (7.0.1):
    - Capacitor
  - CapacitorGeolocation (7.1.1):
    - Capacitor
    - IONGeolocationLib (~> 1.0)
  - CapacitorKeyboard (7.0.1):
    - Capacitor
  - CapacitorLocalNotifications (7.0.1):
    - Capacitor
  - CapacitorPreferences (7.0.1):
    - Capacitor
  - CapacitorShare (7.0.1):
    - Capacitor
  - CapacitorSplashScreen (7.0.1):
    - Capacitor
  - CapacitorStatusBar (7.0.1):
    - Capacitor
  - CapawesomeCapacitorAppUpdate (7.0.1):
    - Capacitor
  - CordovaPluginsStatic (7.4.2):
    - CapacitorCordova
    - OneSignalXCFramework (= 5.2.10)
  - IONGeolocationLib (1.0.0)
  - OneSignalXCFramework (5.2.10):
    - OneSignalXCFramework/OneSignalComplete (= 5.2.10)
  - OneSignalXCFramework/OneSignal (5.2.10):
    - OneSignalXCFramework/OneSignalCore
    - OneSignalXCFramework/OneSignalExtension
    - OneSignalXCFramework/OneSignalLiveActivities
    - OneSignalXCFramework/OneSignalNotifications
    - OneSignalXCFramework/OneSignalOSCore
    - OneSignalXCFramework/OneSignalOutcomes
    - OneSignalXCFramework/OneSignalUser
  - OneSignalXCFramework/OneSignalComplete (5.2.10):
    - OneSignalXCFramework/OneSignal
    - OneSignalXCFramework/OneSignalInAppMessages
    - OneSignalXCFramework/OneSignalLocation
  - OneSignalXCFramework/OneSignalCore (5.2.10)
  - OneSignalXCFramework/OneSignalExtension (5.2.10):
    - OneSignalXCFramework/OneSignalCore
    - OneSignalXCFramework/OneSignalOutcomes
  - OneSignalXCFramework/OneSignalInAppMessages (5.2.10):
    - OneSignalXCFramework/OneSignalCore
    - OneSignalXCFramework/OneSignalNotifications
    - OneSignalXCFramework/OneSignalOSCore
    - OneSignalXCFramework/OneSignalOutcomes
    - OneSignalXCFramework/OneSignalUser
  - OneSignalXCFramework/OneSignalLiveActivities (5.2.10):
    - OneSignalXCFramework/OneSignalCore
    - OneSignalXCFramework/OneSignalOSCore
    - OneSignalXCFramework/OneSignalUser
  - OneSignalXCFramework/OneSignalLocation (5.2.10):
    - OneSignalXCFramework/OneSignalCore
    - OneSignalXCFramework/OneSignalNotifications
    - OneSignalXCFramework/OneSignalOSCore
    - OneSignalXCFramework/OneSignalUser
  - OneSignalXCFramework/OneSignalNotifications (5.2.10):
    - OneSignalXCFramework/OneSignalCore
    - OneSignalXCFramework/OneSignalExtension
    - OneSignalXCFramework/OneSignalOutcomes
  - OneSignalXCFramework/OneSignalOSCore (5.2.10):
    - OneSignalXCFramework/OneSignalCore
  - OneSignalXCFramework/OneSignalOutcomes (5.2.10):
    - OneSignalXCFramework/OneSignalCore
  - OneSignalXCFramework/OneSignalUser (5.2.10):
    - OneSignalXCFramework/OneSignalCore
    - OneSignalXCFramework/OneSignalNotifications
    - OneSignalXCFramework/OneSignalOSCore
    - OneSignalXCFramework/OneSignalOutcomes

DEPENDENCIES:
  - "Capacitor (from `../../../../node_modules/@capacitor/ios`)"
  - "CapacitorApp (from `../../../../node_modules/@capacitor/app`)"
  - "CapacitorBrowser (from `../../../../node_modules/@capacitor/browser`)"
  - "CapacitorClipboard (from `../../../../node_modules/@capacitor/clipboard`)"
  - "CapacitorCordova (from `../../../../node_modules/@capacitor/ios`)"
  - "CapacitorDevice (from `../../../../node_modules/@capacitor/device`)"
  - "CapacitorFilesystem (from `../../../../node_modules/@capacitor/filesystem`)"
  - "CapacitorGeolocation (from `../../../../node_modules/@capacitor/geolocation`)"
  - "CapacitorKeyboard (from `../../../../node_modules/@capacitor/keyboard`)"
  - "CapacitorLocalNotifications (from `../../../../node_modules/@capacitor/local-notifications`)"
  - "CapacitorPreferences (from `../../../../node_modules/@capacitor/preferences`)"
  - "CapacitorShare (from `../../../../node_modules/@capacitor/share`)"
  - "CapacitorSplashScreen (from `../../../../node_modules/@capacitor/splash-screen`)"
  - "CapacitorStatusBar (from `../../../../node_modules/@capacitor/status-bar`)"
  - "CapawesomeCapacitorAppUpdate (from `../../../../node_modules/@capawesome/capacitor-app-update`)"
  - CordovaPluginsStatic (from `../capacitor-cordova-ios-plugins`)
  - OneSignalXCFramework (< 6.0, >= 5.0)

SPEC REPOS:
  trunk:
    - IONGeolocationLib
    - OneSignalXCFramework

EXTERNAL SOURCES:
  Capacitor:
    :path: "../../../../node_modules/@capacitor/ios"
  CapacitorApp:
    :path: "../../../../node_modules/@capacitor/app"
  CapacitorBrowser:
    :path: "../../../../node_modules/@capacitor/browser"
  CapacitorClipboard:
    :path: "../../../../node_modules/@capacitor/clipboard"
  CapacitorCordova:
    :path: "../../../../node_modules/@capacitor/ios"
  CapacitorDevice:
    :path: "../../../../node_modules/@capacitor/device"
  CapacitorFilesystem:
    :path: "../../../../node_modules/@capacitor/filesystem"
  CapacitorGeolocation:
    :path: "../../../../node_modules/@capacitor/geolocation"
  CapacitorKeyboard:
    :path: "../../../../node_modules/@capacitor/keyboard"
  CapacitorLocalNotifications:
    :path: "../../../../node_modules/@capacitor/local-notifications"
  CapacitorPreferences:
    :path: "../../../../node_modules/@capacitor/preferences"
  CapacitorShare:
    :path: "../../../../node_modules/@capacitor/share"
  CapacitorSplashScreen:
    :path: "../../../../node_modules/@capacitor/splash-screen"
  CapacitorStatusBar:
    :path: "../../../../node_modules/@capacitor/status-bar"
  CapawesomeCapacitorAppUpdate:
    :path: "../../../../node_modules/@capawesome/capacitor-app-update"
  CordovaPluginsStatic:
    :path: "../capacitor-cordova-ios-plugins"

SPEC CHECKSUMS:
  Capacitor: 9d9e481b79ffaeacaf7a85d6a11adec32bd33b59
  CapacitorApp: febecbb9582cb353aed037e18ec765141f880fe9
  CapacitorBrowser: 6299776d496e968505464884d565992faa20444a
  CapacitorClipboard: 70bfdb42b877b320a6e511ab94fa7a6a55d57ecb
  CapacitorCordova: 5e58d04631bc5094894ac106e2bf1da18a9e6151
  CapacitorDevice: c6f6d587dd310527f8a48bf09c4e7b4a4cf14329
  CapacitorFilesystem: e6261c410436f54908c11f94336c5b58286b1db0
  CapacitorGeolocation: c0755715aaadf5c86dc0053e1127b368444c914b
  CapacitorKeyboard: 09fd91dcde4f8a37313e7f11bde553ad1ed52036
  CapacitorLocalNotifications: c2212755b33d2513b8bb325096ce3a64d4039ae3
  CapacitorPreferences: 6c98117d4d7508034a4af9db64d6b26fc75d7b94
  CapacitorShare: e573823f511f260f598d0423c33b1e3d7bbe5fd1
  CapacitorSplashScreen: 1d67815a422a9b61539c94f283c08ed56667c0fc
  CapacitorStatusBar: 6e7af040d8fc4dd655999819625cae9c2d74c36f
  CapawesomeCapacitorAppUpdate: d1f04c1c870388248889908cf2ca960c7fdbf0ef
  CordovaPluginsStatic: c356cbecece8234624ddd1bba314a07a8037cda6
  IONGeolocationLib: 81f33f88d025846946de2cf63b0c7628e7c6bc9d
  OneSignalXCFramework: 1a3b28dfbff23aabce585796d23c1bef37772774

PODFILE CHECKSUM: 12c399f0981bbb3634722de8d6fe88c261502d3e

COCOAPODS: 1.16.2
